
Microsoft Visual Studio Solution File, Format Version 12.00
# Visual Studio 2013
VisualStudioVersion = 12.0.21005.1
MinimumVisualStudioVersion = 10.0.40219.1
Project("{FAE04EC0-301F-11D3-BF4B-00C04F79EFBC}") = "Kinoko", "Kinoko\Kinoko.csproj", "{27F45E14-B0D3-40DE-8BB3-907CC1C99F8A}"
EndProject
Project("{FAE04EC0-301F-11D3-BF4B-00C04F79EFBC}") = "Kinoko.Tests", "Kinoko.Tests\Kinoko.Tests.csproj", "{A215B48F-1EF6-4BBE-8D31-DF89AF3055F6}"
EndProject
Project("{FAE04EC0-301F-11D3-BF4B-00C04F79EFBC}") = "Kinoko.Example", "Kinoko.Example\Kinoko.Example.csproj", "{3E4B2B22-38E9-4AD8-8F6D-92091A9429F6}"
EndProject
Project("{FAE04EC0-301F-11D3-BF4B-00C04F79EFBC}") = "AssemblyWithMethodsForTesting", "AssemblyWithMethodsForTesting\AssemblyWithMethodsForTesting.csproj", "{ED6A506A-16AC-4151-8F0C-B63AA2FB9E94}"
EndProject
Project("{FAE04EC0-301F-11D3-BF4B-00C04F79EFBC}") = "Kinoko.Console", "Kinoko.Console\Kinoko.Console.csproj", "{2FD7F5D5-A5D1-44E0-8264-13CC6848A87E}"
EndProject
Global
	GlobalSection(SolutionConfigurationPlatforms) = preSolution
		Debug|Any CPU = Debug|Any CPU
		Debug|Mixed Platforms = Debug|Mixed Platforms
		Debug|x86 = Debug|x86
		Mono|Any CPU = Mono|Any CPU
		Mono|Mixed Platforms = Mono|Mixed Platforms
		Mono|x86 = Mono|x86
		Release|Any CPU = Release|Any CPU
		Release|Mixed Platforms = Release|Mixed Platforms
		Release|x86 = Release|x86
	EndGlobalSection
	GlobalSection(ProjectConfigurationPlatforms) = postSolution
		{27F45E14-B0D3-40DE-8BB3-907CC1C99F8A}.Debug|Any CPU.ActiveCfg = Debug|Any CPU
		{27F45E14-B0D3-40DE-8BB3-907CC1C99F8A}.Debug|Any CPU.Build.0 = Debug|Any CPU
		{27F45E14-B0D3-40DE-8BB3-907CC1C99F8A}.Debug|Mixed Platforms.ActiveCfg = Debug|Any CPU
		{27F45E14-B0D3-40DE-8BB3-907CC1C99F8A}.Debug|Mixed Platforms.Build.0 = Debug|Any CPU
		{27F45E14-B0D3-40DE-8BB3-907CC1C99F8A}.Debug|x86.ActiveCfg = Debug|Any CPU
		{27F45E14-B0D3-40DE-8BB3-907CC1C99F8A}.Mono|Any CPU.ActiveCfg = Mono|Any CPU
		{27F45E14-B0D3-40DE-8BB3-907CC1C99F8A}.Mono|Any CPU.Build.0 = Mono|Any CPU
		{27F45E14-B0D3-40DE-8BB3-907CC1C99F8A}.Mono|Mixed Platforms.ActiveCfg = Mono|Mixed Platforms
		{27F45E14-B0D3-40DE-8BB3-907CC1C99F8A}.Mono|Mixed Platforms.Build.0 = Mono|Mixed Platforms
		{27F45E14-B0D3-40DE-8BB3-907CC1C99F8A}.Mono|x86.ActiveCfg = Mono|x86
		{27F45E14-B0D3-40DE-8BB3-907CC1C99F8A}.Mono|x86.Build.0 = Mono|x86
		{27F45E14-B0D3-40DE-8BB3-907CC1C99F8A}.Release|Any CPU.ActiveCfg = Release|Any CPU
		{27F45E14-B0D3-40DE-8BB3-907CC1C99F8A}.Release|Any CPU.Build.0 = Release|Any CPU
		{27F45E14-B0D3-40DE-8BB3-907CC1C99F8A}.Release|Mixed Platforms.ActiveCfg = Release|Any CPU
		{27F45E14-B0D3-40DE-8BB3-907CC1C99F8A}.Release|Mixed Platforms.Build.0 = Release|Any CPU
		{27F45E14-B0D3-40DE-8BB3-907CC1C99F8A}.Release|x86.ActiveCfg = Release|Any CPU
		{A215B48F-1EF6-4BBE-8D31-DF89AF3055F6}.Debug|Any CPU.ActiveCfg = Debug|Any CPU
		{A215B48F-1EF6-4BBE-8D31-DF89AF3055F6}.Debug|Any CPU.Build.0 = Debug|Any CPU
		{A215B48F-1EF6-4BBE-8D31-DF89AF3055F6}.Debug|Mixed Platforms.ActiveCfg = Debug|Any CPU
		{A215B48F-1EF6-4BBE-8D31-DF89AF3055F6}.Debug|Mixed Platforms.Build.0 = Debug|Any CPU
		{A215B48F-1EF6-4BBE-8D31-DF89AF3055F6}.Debug|x86.ActiveCfg = Debug|Any CPU
		{A215B48F-1EF6-4BBE-8D31-DF89AF3055F6}.Mono|Any CPU.ActiveCfg = Mono|Any CPU
		{A215B48F-1EF6-4BBE-8D31-DF89AF3055F6}.Mono|Any CPU.Build.0 = Mono|Any CPU
		{A215B48F-1EF6-4BBE-8D31-DF89AF3055F6}.Mono|Mixed Platforms.ActiveCfg = Mono|Mixed Platforms
		{A215B48F-1EF6-4BBE-8D31-DF89AF3055F6}.Mono|Mixed Platforms.Build.0 = Mono|Mixed Platforms
		{A215B48F-1EF6-4BBE-8D31-DF89AF3055F6}.Mono|x86.ActiveCfg = Mono|x86
		{A215B48F-1EF6-4BBE-8D31-DF89AF3055F6}.Mono|x86.Build.0 = Mono|x86
		{A215B48F-1EF6-4BBE-8D31-DF89AF3055F6}.Release|Any CPU.ActiveCfg = Release|Any CPU
		{A215B48F-1EF6-4BBE-8D31-DF89AF3055F6}.Release|Any CPU.Build.0 = Release|Any CPU
		{A215B48F-1EF6-4BBE-8D31-DF89AF3055F6}.Release|Mixed Platforms.ActiveCfg = Release|Any CPU
		{A215B48F-1EF6-4BBE-8D31-DF89AF3055F6}.Release|Mixed Platforms.Build.0 = Release|Any CPU
		{A215B48F-1EF6-4BBE-8D31-DF89AF3055F6}.Release|x86.ActiveCfg = Release|Any CPU
		{3E4B2B22-38E9-4AD8-8F6D-92091A9429F6}.Debug|Any CPU.ActiveCfg = Debug|Any CPU
		{3E4B2B22-38E9-4AD8-8F6D-92091A9429F6}.Debug|Any CPU.Build.0 = Debug|Any CPU
		{3E4B2B22-38E9-4AD8-8F6D-92091A9429F6}.Debug|Mixed Platforms.ActiveCfg = Debug|Any CPU
		{3E4B2B22-38E9-4AD8-8F6D-92091A9429F6}.Debug|Mixed Platforms.Build.0 = Debug|Any CPU
		{3E4B2B22-38E9-4AD8-8F6D-92091A9429F6}.Debug|x86.ActiveCfg = Debug|Any CPU
		{3E4B2B22-38E9-4AD8-8F6D-92091A9429F6}.Mono|Any CPU.ActiveCfg = Mono|Any CPU
		{3E4B2B22-38E9-4AD8-8F6D-92091A9429F6}.Mono|Any CPU.Build.0 = Mono|Any CPU
		{3E4B2B22-38E9-4AD8-8F6D-92091A9429F6}.Mono|Mixed Platforms.ActiveCfg = Mono|Mixed Platforms
		{3E4B2B22-38E9-4AD8-8F6D-92091A9429F6}.Mono|Mixed Platforms.Build.0 = Mono|Mixed Platforms
		{3E4B2B22-38E9-4AD8-8F6D-92091A9429F6}.Mono|x86.ActiveCfg = Mono|x86
		{3E4B2B22-38E9-4AD8-8F6D-92091A9429F6}.Mono|x86.Build.0 = Mono|x86
		{3E4B2B22-38E9-4AD8-8F6D-92091A9429F6}.Release|Any CPU.ActiveCfg = Release|Any CPU
		{3E4B2B22-38E9-4AD8-8F6D-92091A9429F6}.Release|Any CPU.Build.0 = Release|Any CPU
		{3E4B2B22-38E9-4AD8-8F6D-92091A9429F6}.Release|Mixed Platforms.ActiveCfg = Release|Any CPU
		{3E4B2B22-38E9-4AD8-8F6D-92091A9429F6}.Release|Mixed Platforms.Build.0 = Release|Any CPU
		{3E4B2B22-38E9-4AD8-8F6D-92091A9429F6}.Release|x86.ActiveCfg = Release|Any CPU
		{ED6A506A-16AC-4151-8F0C-B63AA2FB9E94}.Debug|Any CPU.ActiveCfg = Debug|Any CPU
		{ED6A506A-16AC-4151-8F0C-B63AA2FB9E94}.Debug|Any CPU.Build.0 = Debug|Any CPU
		{ED6A506A-16AC-4151-8F0C-B63AA2FB9E94}.Debug|Mixed Platforms.ActiveCfg = Debug|Any CPU
		{ED6A506A-16AC-4151-8F0C-B63AA2FB9E94}.Debug|Mixed Platforms.Build.0 = Debug|Any CPU
		{ED6A506A-16AC-4151-8F0C-B63AA2FB9E94}.Debug|x86.ActiveCfg = Debug|Any CPU
		{ED6A506A-16AC-4151-8F0C-B63AA2FB9E94}.Mono|Any CPU.ActiveCfg = Mono|Any CPU
		{ED6A506A-16AC-4151-8F0C-B63AA2FB9E94}.Mono|Any CPU.Build.0 = Mono|Any CPU
		{ED6A506A-16AC-4151-8F0C-B63AA2FB9E94}.Mono|Mixed Platforms.ActiveCfg = Mono|Mixed Platforms
		{ED6A506A-16AC-4151-8F0C-B63AA2FB9E94}.Mono|Mixed Platforms.Build.0 = Mono|Mixed Platforms
		{ED6A506A-16AC-4151-8F0C-B63AA2FB9E94}.Mono|x86.ActiveCfg = Mono|x86
		{ED6A506A-16AC-4151-8F0C-B63AA2FB9E94}.Mono|x86.Build.0 = Mono|x86
		{ED6A506A-16AC-4151-8F0C-B63AA2FB9E94}.Release|Any CPU.ActiveCfg = Release|Any CPU
		{ED6A506A-16AC-4151-8F0C-B63AA2FB9E94}.Release|Any CPU.Build.0 = Release|Any CPU
		{ED6A506A-16AC-4151-8F0C-B63AA2FB9E94}.Release|Mixed Platforms.ActiveCfg = Release|Any CPU
		{ED6A506A-16AC-4151-8F0C-B63AA2FB9E94}.Release|Mixed Platforms.Build.0 = Release|Any CPU
		{ED6A506A-16AC-4151-8F0C-B63AA2FB9E94}.Release|x86.ActiveCfg = Release|Any CPU
		{2FD7F5D5-A5D1-44E0-8264-13CC6848A87E}.Debug|Any CPU.ActiveCfg = Debug|x86
		{2FD7F5D5-A5D1-44E0-8264-13CC6848A87E}.Debug|Any CPU.Build.0 = Debug|x86
		{2FD7F5D5-A5D1-44E0-8264-13CC6848A87E}.Debug|Mixed Platforms.ActiveCfg = Debug|x86
		{2FD7F5D5-A5D1-44E0-8264-13CC6848A87E}.Debug|Mixed Platforms.Build.0 = Debug|x86
		{2FD7F5D5-A5D1-44E0-8264-13CC6848A87E}.Debug|x86.ActiveCfg = Debug|x86
		{2FD7F5D5-A5D1-44E0-8264-13CC6848A87E}.Debug|x86.Build.0 = Debug|x86
		{2FD7F5D5-A5D1-44E0-8264-13CC6848A87E}.Mono|Any CPU.ActiveCfg = Mono|Any CPU
		{2FD7F5D5-A5D1-44E0-8264-13CC6848A87E}.Mono|Any CPU.Build.0 = Mono|Any CPU
		{2FD7F5D5-A5D1-44E0-8264-13CC6848A87E}.Mono|Mixed Platforms.ActiveCfg = Mono|Any CPU
		{2FD7F5D5-A5D1-44E0-8264-13CC6848A87E}.Mono|Mixed Platforms.Build.0 = Mono|Any CPU
		{2FD7F5D5-A5D1-44E0-8264-13CC6848A87E}.Mono|x86.ActiveCfg = Mono|x86
		{2FD7F5D5-A5D1-44E0-8264-13CC6848A87E}.Mono|x86.Build.0 = Mono|x86
		{2FD7F5D5-A5D1-44E0-8264-13CC6848A87E}.Release|Any CPU.ActiveCfg = Release|x86
		{2FD7F5D5-A5D1-44E0-8264-13CC6848A87E}.Release|Any CPU.Build.0 = Release|x86
		{2FD7F5D5-A5D1-44E0-8264-13CC6848A87E}.Release|Mixed Platforms.ActiveCfg = Release|x86
		{2FD7F5D5-A5D1-44E0-8264-13CC6848A87E}.Release|Mixed Platforms.Build.0 = Release|x86
		{2FD7F5D5-A5D1-44E0-8264-13CC6848A87E}.Release|x86.ActiveCfg = Release|x86
		{2FD7F5D5-A5D1-44E0-8264-13CC6848A87E}.Release|x86.Build.0 = Release|x86
	EndGlobalSection
	GlobalSection(SolutionProperties) = preSolution
		HideSolutionNode = FALSE
	EndGlobalSection
	GlobalSection(MonoDevelopProperties) = preSolution
		StartupItem = SharpKinoko.Console\SharpKinoko.Console.csproj
		Policies = $0
		$0.TextStylePolicy = $4
		$1.FileWidth = 120
		$1.EolMarker = Windows
		$1.inheritsSet = VisualStudio
		$1.inheritsScope = text/plain
		$1.scope = text/x-csharp
		$0.CSharpFormattingPolicy = $2
		$2.IndentSwitchBody = True
		$2.AnonymousMethodBraceStyle = NextLine
		$2.PropertyBraceStyle = NextLine
		$2.PropertyGetBraceStyle = NextLine
		$2.PropertySetBraceStyle = NextLine
		$2.EventBraceStyle = NextLine
		$2.EventAddBraceStyle = NextLine
		$2.EventRemoveBraceStyle = NextLine
		$2.StatementBraceStyle = NextLine
		$2.ForEachBraceForcement = AddBraces
		$2.ElseNewLinePlacement = NewLine
		$2.ElseIfNewLinePlacement = SameLine
		$2.CatchNewLinePlacement = NewLine
		$2.FinallyNewLinePlacement = NewLine
		$2.WhileNewLinePlacement = NewLine
		$2.BeforeMethodDeclarationParentheses = False
		$2.BeforeMethodCallParentheses = False
		$2.BeforeConstructorDeclarationParentheses = False
		$2.BeforeDelegateDeclarationParentheses = False
		$2.NewParentheses = False
		$2.BlankLinesBeforeUsings = 1
		$2.inheritsSet = Mono
		$2.inheritsScope = text/x-csharp
		$2.scope = text/x-csharp
		$3.FileWidth = 120
		$3.EolMarker = Windows
		$3.inheritsSet = VisualStudio
		$3.inheritsScope = text/plain
		$3.scope = text/plain
		$4.FileWidth = 120
		$4.inheritsSet = VisualStudio
		$4.inheritsScope = text/plain
		$4.scope = application/x-desktop
		$0.DotNetNamingPolicy = $5
		$5.DirectoryNamespaceAssociation = PrefixedHierarchical
		$5.ResourceNamePolicy = FileFormatDefault
	EndGlobalSection
EndGlobal
